
Microsoft Visual Studio Solution File, Format Version 11.00
# Visual Studio 2010
Project("{FAE04EC0-301F-11D3-BF4B-00C04F79EFBC}") = "Assembly-CSharp", "Assembly-CSharp.csproj", "{71da5e1d-027b-b2a3-e684-94878c5a8ca6}"
EndProject
Project("{FAE04EC0-301F-11D3-BF4B-00C04F79EFBC}") = "PhotonVoice.API", "PhotonVoice.API.csproj", "{01c9c6ca-569c-e1e7-24ce-b55f88bcdb96}"
EndProject
Project("{FAE04EC0-301F-11D3-BF4B-00C04F79EFBC}") = "PhotonVoice", "PhotonVoice.csproj", "{b4161f15-cc0f-482e-ad2c-74a4f8703802}"
EndProject
Project("{FAE04EC0-301F-11D3-BF4B-00C04F79EFBC}") = "PhotonUnityNetworking.Demos", "PhotonUnityNetworking.Demos.csproj", "{c2c537cd-401b-ec3c-f678-0cd8b8b3dbbd}"
EndProject
Project("{FAE04EC0-301F-11D3-BF4B-00C04F79EFBC}") = "PhotonRealtime", "PhotonRealtime.csproj", "{d42ab7ba-d949-00f5-2c7f-3ab2d12aa5d9}"
EndProject
Project("{FAE04EC0-301F-11D3-BF4B-00C04F79EFBC}") = "PhotonUnityNetworking", "PhotonUnityNetworking.csproj", "{7779a298-7827-2a1b-8d58-3445f864600f}"
EndProject
Project("{FAE04EC0-301F-11D3-BF4B-00C04F79EFBC}") = "PhotonUnityNetworking.Utilities", "PhotonUnityNetworking.Utilities.csproj", "{489b6be7-13f5-12a2-38b0-00788e53988f}"
EndProject
Project("{FAE04EC0-301F-11D3-BF4B-00C04F79EFBC}") = "PhotonChat", "PhotonChat.csproj", "{e638a5fd-0dac-e716-2ec4-62fe33f9e02d}"
EndProject
Project("{FAE04EC0-301F-11D3-BF4B-00C04F79EFBC}") = "PhotonVoice.PUN", "PhotonVoice.PUN.csproj", "{7da3fcf4-2b09-4891-2f8c-670dbdfb818b}"
EndProject
Project("{FAE04EC0-301F-11D3-BF4B-00C04F79EFBC}") = "PhotonUnityNetworking.Editor", "PhotonUnityNetworking.Editor.csproj", "{1e14f7da-c7e3-2b29-599f-dfe905017a40}"
EndProject
Project("{FAE04EC0-301F-11D3-BF4B-00C04F79EFBC}") = "PhotonVoice.Editor", "PhotonVoice.Editor.csproj", "{0d9828ca-6e26-ba55-3767-890849d11073}"
EndProject
Project("{FAE04EC0-301F-11D3-BF4B-00C04F79EFBC}") = "PhotonUnityNetworking.Utilities.PhotonPlayer.Editor", "PhotonUnityNetworking.Utilities.PhotonPlayer.Editor.csproj", "{0f9fae72-f275-3d22-ac95-4987c5025295}"
EndProject
Project("{FAE04EC0-301F-11D3-BF4B-00C04F79EFBC}") = "PunDemos.DemoSlotcarEditor", "PunDemos.DemoSlotcarEditor.csproj", "{9ed3522a-037e-9e21-9835-866b3302ac8c}"
EndProject
Project("{FAE04EC0-301F-11D3-BF4B-00C04F79EFBC}") = "PhotonUnityNetworking.Utilities.Culling.Editor", "PhotonUnityNetworking.Utilities.Culling.Editor.csproj", "{bf9ee8c3-9231-c0d5-0f4c-b12ab2f392d2}"
EndProject
Project("{FAE04EC0-301F-11D3-BF4B-00C04F79EFBC}") = "PunDemos.DemoHubEditor", "PunDemos.DemoHubEditor.csproj", "{97bfd195-7b14-5e18-af0c-19aef5cf4815}"
EndProject
Project("{FAE04EC0-301F-11D3-BF4B-00C04F79EFBC}") = "PhotonVoice.Utilities.Editor", "PhotonVoice.Utilities.Editor.csproj", "{05c82fcd-4d84-b161-138d-b1bcc598e38c}"
EndProject
Project("{FAE04EC0-301F-11D3-BF4B-00C04F79EFBC}") = "Assembly-CSharp-Editor", "Assembly-CSharp-Editor.csproj", "{c273ecf8-b8f9-fecc-2bfd-05bf07689091}"
EndProject
Project("{FAE04EC0-301F-11D3-BF4B-00C04F79EFBC}") = "PhotonVoice.PUN.Editor", "PhotonVoice.PUN.Editor.csproj", "{ddf7e208-9104-dd22-59fc-00bc024f2b18}"
EndProject
Global
	GlobalSection(SolutionConfigurationPlatforms) = preSolution
		Debug|Any CPU = Debug|Any CPU
	EndGlobalSection
	GlobalSection(ProjectConfigurationPlatforms) = postSolution
		{71da5e1d-027b-b2a3-e684-94878c5a8ca6}.Debug|Any CPU.ActiveCfg = Debug|Any CPU
		{71da5e1d-027b-b2a3-e684-94878c5a8ca6}.Debug|Any CPU.Build.0 = Debug|Any CPU
		{01c9c6ca-569c-e1e7-24ce-b55f88bcdb96}.Debug|Any CPU.ActiveCfg = Debug|Any CPU
		{01c9c6ca-569c-e1e7-24ce-b55f88bcdb96}.Debug|Any CPU.Build.0 = Debug|Any CPU
		{b4161f15-cc0f-482e-ad2c-74a4f8703802}.Debug|Any CPU.ActiveCfg = Debug|Any CPU
		{b4161f15-cc0f-482e-ad2c-74a4f8703802}.Debug|Any CPU.Build.0 = Debug|Any CPU
		{c2c537cd-401b-ec3c-f678-0cd8b8b3dbbd}.Debug|Any CPU.ActiveCfg = Debug|Any CPU
		{c2c537cd-401b-ec3c-f678-0cd8b8b3dbbd}.Debug|Any CPU.Build.0 = Debug|Any CPU
		{d42ab7ba-d949-00f5-2c7f-3ab2d12aa5d9}.Debug|Any CPU.ActiveCfg = Debug|Any CPU
		{d42ab7ba-d949-00f5-2c7f-3ab2d12aa5d9}.Debug|Any CPU.Build.0 = Debug|Any CPU
		{7779a298-7827-2a1b-8d58-3445f864600f}.Debug|Any CPU.ActiveCfg = Debug|Any CPU
		{7779a298-7827-2a1b-8d58-3445f864600f}.Debug|Any CPU.Build.0 = Debug|Any CPU
		{489b6be7-13f5-12a2-38b0-00788e53988f}.Debug|Any CPU.ActiveCfg = Debug|Any CPU
		{489b6be7-13f5-12a2-38b0-00788e53988f}.Debug|Any CPU.Build.0 = Debug|Any CPU
		{e638a5fd-0dac-e716-2ec4-62fe33f9e02d}.Debug|Any CPU.ActiveCfg = Debug|Any CPU
		{e638a5fd-0dac-e716-2ec4-62fe33f9e02d}.Debug|Any CPU.Build.0 = Debug|Any CPU
		{7da3fcf4-2b09-4891-2f8c-670dbdfb818b}.Debug|Any CPU.ActiveCfg = Debug|Any CPU
		{7da3fcf4-2b09-4891-2f8c-670dbdfb818b}.Debug|Any CPU.Build.0 = Debug|Any CPU
		{1e14f7da-c7e3-2b29-599f-dfe905017a40}.Debug|Any CPU.ActiveCfg = Debug|Any CPU
		{1e14f7da-c7e3-2b29-599f-dfe905017a40}.Debug|Any CPU.Build.0 = Debug|Any CPU
		{0d9828ca-6e26-ba55-3767-890849d11073}.Debug|Any CPU.ActiveCfg = Debug|Any CPU
		{0d9828ca-6e26-ba55-3767-890849d11073}.Debug|Any CPU.Build.0 = Debug|Any CPU
		{0f9fae72-f275-3d22-ac95-4987c5025295}.Debug|Any CPU.ActiveCfg = Debug|Any CPU
		{0f9fae72-f275-3d22-ac95-4987c5025295}.Debug|Any CPU.Build.0 = Debug|Any CPU
		{9ed3522a-037e-9e21-9835-866b3302ac8c}.Debug|Any CPU.ActiveCfg = Debug|Any CPU
		{9ed3522a-037e-9e21-9835-866b3302ac8c}.Debug|Any CPU.Build.0 = Debug|Any CPU
		{bf9ee8c3-9231-c0d5-0f4c-b12ab2f392d2}.Debug|Any CPU.ActiveCfg = Debug|Any CPU
		{bf9ee8c3-9231-c0d5-0f4c-b12ab2f392d2}.Debug|Any CPU.Build.0 = Debug|Any CPU
		{97bfd195-7b14-5e18-af0c-19aef5cf4815}.Debug|Any CPU.ActiveCfg = Debug|Any CPU
		{97bfd195-7b14-5e18-af0c-19aef5cf4815}.Debug|Any CPU.Build.0 = Debug|Any CPU
		{05c82fcd-4d84-b161-138d-b1bcc598e38c}.Debug|Any CPU.ActiveCfg = Debug|Any CPU
		{05c82fcd-4d84-b161-138d-b1bcc598e38c}.Debug|Any CPU.Build.0 = Debug|Any CPU
		{c273ecf8-b8f9-fecc-2bfd-05bf07689091}.Debug|Any CPU.ActiveCfg = Debug|Any CPU
		{c273ecf8-b8f9-fecc-2bfd-05bf07689091}.Debug|Any CPU.Build.0 = Debug|Any CPU
		{ddf7e208-9104-dd22-59fc-00bc024f2b18}.Debug|Any CPU.ActiveCfg = Debug|Any CPU
		{ddf7e208-9104-dd22-59fc-00bc024f2b18}.Debug|Any CPU.Build.0 = Debug|Any CPU
	EndGlobalSection
	GlobalSection(SolutionProperties) = preSolution
		HideSolutionNode = FALSE
	EndGlobalSection
EndGlobal
