
Microsoft Visual Studio Solution File, Format Version 12.00
# Visual Studio 15
Project("{FAE04EC0-301F-11D3-BF4B-00C04F79EFBC}") = "Assembly-CSharp", "Assembly-CSharp.csproj", "{1D5EDA71-7B02-A3B2-E684-94878C5A8CA6}"
EndProject
Project("{FAE04EC0-301F-11D3-BF4B-00C04F79EFBC}") = "PhotonVoice.API", "PhotonVoice.API.csproj", "{CAC6C901-9C56-E7E1-24CE-B55F88BCDB96}"
EndProject
Project("{FAE04EC0-301F-11D3-BF4B-00C04F79EFBC}") = "PhotonVoice", "PhotonVoice.csproj", "{151F16B4-0FCC-2E48-AD2C-74A4F8703802}"
EndProject
Project("{FAE04EC0-301F-11D3-BF4B-00C04F79EFBC}") = "PhotonUnityNetworking.Demos", "PhotonUnityNetworking.Demos.csproj", "{CD37C5C2-1B40-3CEC-F678-0CD8B8B3DBBD}"
EndProject
Project("{FAE04EC0-301F-11D3-BF4B-00C04F79EFBC}") = "PhotonRealtime", "PhotonRealtime.csproj", "{BAB72AD4-49D9-F500-2C7F-3AB2D12AA5D9}"
EndProject
Project("{FAE04EC0-301F-11D3-BF4B-00C04F79EFBC}") = "PhotonUnityNetworking", "PhotonUnityNetworking.csproj", "{98A27977-2778-1B2A-8D58-3445F864600F}"
EndProject
Project("{FAE04EC0-301F-11D3-BF4B-00C04F79EFBC}") = "PhotonUnityNetworking.Utilities", "PhotonUnityNetworking.Utilities.csproj", "{E76B9B48-F513-A212-38B0-00788E53988F}"
EndProject
Project("{FAE04EC0-301F-11D3-BF4B-00C04F79EFBC}") = "PhotonChat", "PhotonChat.csproj", "{FDA538E6-AC0D-16E7-2EC4-62FE33F9E02D}"
EndProject
Project("{FAE04EC0-301F-11D3-BF4B-00C04F79EFBC}") = "PhotonVoice.PUN", "PhotonVoice.PUN.csproj", "{F4FCA37D-092B-9148-2F8C-670DBDFB818B}"
EndProject
Project("{FAE04EC0-301F-11D3-BF4B-00C04F79EFBC}") = "PhotonUnityNetworking.Editor", "PhotonUnityNetworking.Editor.csproj", "{DAF7141E-E3C7-292B-599F-DFE905017A40}"
EndProject
Project("{FAE04EC0-301F-11D3-BF4B-00C04F79EFBC}") = "PhotonVoice.Editor", "PhotonVoice.Editor.csproj", "{CA28980D-266E-55BA-3767-890849D11073}"
EndProject
Project("{FAE04EC0-301F-11D3-BF4B-00C04F79EFBC}") = "PhotonUnityNetworking.Utilities.PhotonPlayer.Editor", "PhotonUnityNetworking.Utilities.PhotonPlayer.Editor.csproj", "{72AE9F0F-75F2-223D-AC95-4987C5025295}"
EndProject
Project("{FAE04EC0-301F-11D3-BF4B-00C04F79EFBC}") = "PunDemos.DemoSlotcarEditor", "PunDemos.DemoSlotcarEditor.csproj", "{2A52D39E-7E03-219E-9835-866B3302AC8C}"
EndProject
Project("{FAE04EC0-301F-11D3-BF4B-00C04F79EFBC}") = "PhotonUnityNetworking.Utilities.Culling.Editor", "PhotonUnityNetworking.Utilities.Culling.Editor.csproj", "{C3E89EBF-3192-D5C0-0F4C-B12AB2F392D2}"
EndProject
Project("{FAE04EC0-301F-11D3-BF4B-00C04F79EFBC}") = "PunDemos.DemoHubEditor", "PunDemos.DemoHubEditor.csproj", "{95D1BF97-147B-185E-AF0C-19AEF5CF4815}"
EndProject
Project("{FAE04EC0-301F-11D3-BF4B-00C04F79EFBC}") = "PhotonVoice.Utilities.Editor", "PhotonVoice.Utilities.Editor.csproj", "{CD2FC805-844D-61B1-138D-B1BCC598E38C}"
EndProject
Project("{FAE04EC0-301F-11D3-BF4B-00C04F79EFBC}") = "Assembly-CSharp-Editor", "Assembly-CSharp-Editor.csproj", "{F8EC73C2-F9B8-CCFE-2BFD-05BF07689091}"
EndProject
Project("{FAE04EC0-301F-11D3-BF4B-00C04F79EFBC}") = "PhotonVoice.PUN.Editor", "PhotonVoice.PUN.Editor.csproj", "{08E2F7DD-0491-22DD-59FC-00BC024F2B18}"
EndProject
Global
	GlobalSection(SolutionConfigurationPlatforms) = preSolution
		Debug|Any CPU = Debug|Any CPU
		Release|Any CPU = Release|Any CPU
	EndGlobalSection
	GlobalSection(ProjectConfigurationPlatforms) = postSolution
		{1D5EDA71-7B02-A3B2-E684-94878C5A8CA6}.Debug|Any CPU.ActiveCfg = Debug|Any CPU
		{1D5EDA71-7B02-A3B2-E684-94878C5A8CA6}.Debug|Any CPU.Build.0 = Debug|Any CPU
		{1D5EDA71-7B02-A3B2-E684-94878C5A8CA6}.Release|Any CPU.ActiveCfg = Release|Any CPU
		{1D5EDA71-7B02-A3B2-E684-94878C5A8CA6}.Release|Any CPU.Build.0 = Release|Any CPU
		{CAC6C901-9C56-E7E1-24CE-B55F88BCDB96}.Debug|Any CPU.ActiveCfg = Debug|Any CPU
		{CAC6C901-9C56-E7E1-24CE-B55F88BCDB96}.Debug|Any CPU.Build.0 = Debug|Any CPU
		{CAC6C901-9C56-E7E1-24CE-B55F88BCDB96}.Release|Any CPU.ActiveCfg = Release|Any CPU
		{CAC6C901-9C56-E7E1-24CE-B55F88BCDB96}.Release|Any CPU.Build.0 = Release|Any CPU
		{151F16B4-0FCC-2E48-AD2C-74A4F8703802}.Debug|Any CPU.ActiveCfg = Debug|Any CPU
		{151F16B4-0FCC-2E48-AD2C-74A4F8703802}.Debug|Any CPU.Build.0 = Debug|Any CPU
		{151F16B4-0FCC-2E48-AD2C-74A4F8703802}.Release|Any CPU.ActiveCfg = Release|Any CPU
		{151F16B4-0FCC-2E48-AD2C-74A4F8703802}.Release|Any CPU.Build.0 = Release|Any CPU
		{CD37C5C2-1B40-3CEC-F678-0CD8B8B3DBBD}.Debug|Any CPU.ActiveCfg = Debug|Any CPU
		{CD37C5C2-1B40-3CEC-F678-0CD8B8B3DBBD}.Debug|Any CPU.Build.0 = Debug|Any CPU
		{CD37C5C2-1B40-3CEC-F678-0CD8B8B3DBBD}.Release|Any CPU.ActiveCfg = Release|Any CPU
		{CD37C5C2-1B40-3CEC-F678-0CD8B8B3DBBD}.Release|Any CPU.Build.0 = Release|Any CPU
		{BAB72AD4-49D9-F500-2C7F-3AB2D12AA5D9}.Debug|Any CPU.ActiveCfg = Debug|Any CPU
		{BAB72AD4-49D9-F500-2C7F-3AB2D12AA5D9}.Debug|Any CPU.Build.0 = Debug|Any CPU
		{BAB72AD4-49D9-F500-2C7F-3AB2D12AA5D9}.Release|Any CPU.ActiveCfg = Release|Any CPU
		{BAB72AD4-49D9-F500-2C7F-3AB2D12AA5D9}.Release|Any CPU.Build.0 = Release|Any CPU
		{98A27977-2778-1B2A-8D58-3445F864600F}.Debug|Any CPU.ActiveCfg = Debug|Any CPU
		{98A27977-2778-1B2A-8D58-3445F864600F}.Debug|Any CPU.Build.0 = Debug|Any CPU
		{98A27977-2778-1B2A-8D58-3445F864600F}.Release|Any CPU.ActiveCfg = Release|Any CPU
		{98A27977-2778-1B2A-8D58-3445F864600F}.Release|Any CPU.Build.0 = Release|Any CPU
		{E76B9B48-F513-A212-38B0-00788E53988F}.Debug|Any CPU.ActiveCfg = Debug|Any CPU
		{E76B9B48-F513-A212-38B0-00788E53988F}.Debug|Any CPU.Build.0 = Debug|Any CPU
		{E76B9B48-F513-A212-38B0-00788E53988F}.Release|Any CPU.ActiveCfg = Release|Any CPU
		{E76B9B48-F513-A212-38B0-00788E53988F}.Release|Any CPU.Build.0 = Release|Any CPU
		{FDA538E6-AC0D-16E7-2EC4-62FE33F9E02D}.Debug|Any CPU.ActiveCfg = Debug|Any CPU
		{FDA538E6-AC0D-16E7-2EC4-62FE33F9E02D}.Debug|Any CPU.Build.0 = Debug|Any CPU
		{FDA538E6-AC0D-16E7-2EC4-62FE33F9E02D}.Release|Any CPU.ActiveCfg = Release|Any CPU
		{FDA538E6-AC0D-16E7-2EC4-62FE33F9E02D}.Release|Any CPU.Build.0 = Release|Any CPU
		{F4FCA37D-092B-9148-2F8C-670DBDFB818B}.Debug|Any CPU.ActiveCfg = Debug|Any CPU
		{F4FCA37D-092B-9148-2F8C-670DBDFB818B}.Debug|Any CPU.Build.0 = Debug|Any CPU
		{F4FCA37D-092B-9148-2F8C-670DBDFB818B}.Release|Any CPU.ActiveCfg = Release|Any CPU
		{F4FCA37D-092B-9148-2F8C-670DBDFB818B}.Release|Any CPU.Build.0 = Release|Any CPU
		{DAF7141E-E3C7-292B-599F-DFE905017A40}.Debug|Any CPU.ActiveCfg = Debug|Any CPU
		{DAF7141E-E3C7-292B-599F-DFE905017A40}.Debug|Any CPU.Build.0 = Debug|Any CPU
		{DAF7141E-E3C7-292B-599F-DFE905017A40}.Release|Any CPU.ActiveCfg = Release|Any CPU
		{DAF7141E-E3C7-292B-599F-DFE905017A40}.Release|Any CPU.Build.0 = Release|Any CPU
		{CA28980D-266E-55BA-3767-890849D11073}.Debug|Any CPU.ActiveCfg = Debug|Any CPU
		{CA28980D-266E-55BA-3767-890849D11073}.Debug|Any CPU.Build.0 = Debug|Any CPU
		{CA28980D-266E-55BA-3767-890849D11073}.Release|Any CPU.ActiveCfg = Release|Any CPU
		{CA28980D-266E-55BA-3767-890849D11073}.Release|Any CPU.Build.0 = Release|Any CPU
		{72AE9F0F-75F2-223D-AC95-4987C5025295}.Debug|Any CPU.ActiveCfg = Debug|Any CPU
		{72AE9F0F-75F2-223D-AC95-4987C5025295}.Debug|Any CPU.Build.0 = Debug|Any CPU
		{72AE9F0F-75F2-223D-AC95-4987C5025295}.Release|Any CPU.ActiveCfg = Release|Any CPU
		{72AE9F0F-75F2-223D-AC95-4987C5025295}.Release|Any CPU.Build.0 = Release|Any CPU
		{2A52D39E-7E03-219E-9835-866B3302AC8C}.Debug|Any CPU.ActiveCfg = Debug|Any CPU
		{2A52D39E-7E03-219E-9835-866B3302AC8C}.Debug|Any CPU.Build.0 = Debug|Any CPU
		{2A52D39E-7E03-219E-9835-866B3302AC8C}.Release|Any CPU.ActiveCfg = Release|Any CPU
		{2A52D39E-7E03-219E-9835-866B3302AC8C}.Release|Any CPU.Build.0 = Release|Any CPU
		{C3E89EBF-3192-D5C0-0F4C-B12AB2F392D2}.Debug|Any CPU.ActiveCfg = Debug|Any CPU
		{C3E89EBF-3192-D5C0-0F4C-B12AB2F392D2}.Debug|Any CPU.Build.0 = Debug|Any CPU
		{C3E89EBF-3192-D5C0-0F4C-B12AB2F392D2}.Release|Any CPU.ActiveCfg = Release|Any CPU
		{C3E89EBF-3192-D5C0-0F4C-B12AB2F392D2}.Release|Any CPU.Build.0 = Release|Any CPU
		{95D1BF97-147B-185E-AF0C-19AEF5CF4815}.Debug|Any CPU.ActiveCfg = Debug|Any CPU
		{95D1BF97-147B-185E-AF0C-19AEF5CF4815}.Debug|Any CPU.Build.0 = Debug|Any CPU
		{95D1BF97-147B-185E-AF0C-19AEF5CF4815}.Release|Any CPU.ActiveCfg = Release|Any CPU
		{95D1BF97-147B-185E-AF0C-19AEF5CF4815}.Release|Any CPU.Build.0 = Release|Any CPU
		{CD2FC805-844D-61B1-138D-B1BCC598E38C}.Debug|Any CPU.ActiveCfg = Debug|Any CPU
		{CD2FC805-844D-61B1-138D-B1BCC598E38C}.Debug|Any CPU.Build.0 = Debug|Any CPU
		{CD2FC805-844D-61B1-138D-B1BCC598E38C}.Release|Any CPU.ActiveCfg = Release|Any CPU
		{CD2FC805-844D-61B1-138D-B1BCC598E38C}.Release|Any CPU.Build.0 = Release|Any CPU
		{F8EC73C2-F9B8-CCFE-2BFD-05BF07689091}.Debug|Any CPU.ActiveCfg = Debug|Any CPU
		{F8EC73C2-F9B8-CCFE-2BFD-05BF07689091}.Debug|Any CPU.Build.0 = Debug|Any CPU
		{F8EC73C2-F9B8-CCFE-2BFD-05BF07689091}.Release|Any CPU.ActiveCfg = Release|Any CPU
		{F8EC73C2-F9B8-CCFE-2BFD-05BF07689091}.Release|Any CPU.Build.0 = Release|Any CPU
		{08E2F7DD-0491-22DD-59FC-00BC024F2B18}.Debug|Any CPU.ActiveCfg = Debug|Any CPU
		{08E2F7DD-0491-22DD-59FC-00BC024F2B18}.Debug|Any CPU.Build.0 = Debug|Any CPU
		{08E2F7DD-0491-22DD-59FC-00BC024F2B18}.Release|Any CPU.ActiveCfg = Release|Any CPU
		{08E2F7DD-0491-22DD-59FC-00BC024F2B18}.Release|Any CPU.Build.0 = Release|Any CPU
	EndGlobalSection
	GlobalSection(SolutionProperties) = preSolution
		HideSolutionNode = FALSE
	EndGlobalSection
EndGlobal
